
Microsoft Visual Studio Solution File, Format Version 12.00
# Visual Studio Version 17
VisualStudioVersion = 17.4.33103.184
MinimumVisualStudioVersion = 10.0.40219.1
Project("{FAE04EC0-301F-11D3-BF4B-00C04F79EFBC}") = "Swapy.API", "Swapy.API\Swapy.API.csproj", "{A3E678DE-6D2F-4101-B6E7-CBB1E98D4C9A}"
EndProject
Global
	GlobalSection(SolutionConfigurationPlatforms) = preSolution
		Debug|Any CPU = Debug|Any CPU
		Release|Any CPU = Release|Any CPU
	EndGlobalSection
	GlobalSection(ProjectConfigurationPlatforms) = postSolution
		{A3E678DE-6D2F-4101-B6E7-CBB1E98D4C9A}.Debug|Any CPU.ActiveCfg = Debug|Any CPU
		{A3E678DE-6D2F-4101-B6E7-CBB1E98D4C9A}.Debug|Any CPU.Build.0 = Debug|Any CPU
		{A3E678DE-6D2F-4101-B6E7-CBB1E98D4C9A}.Release|Any CPU.ActiveCfg = Release|Any CPU
		{A3E678DE-6D2F-4101-B6E7-CBB1E98D4C9A}.Release|Any CPU.Build.0 = Release|Any CPU
	EndGlobalSection
	GlobalSection(SolutionProperties) = preSolution
		HideSolutionNode = FALSE
	EndGlobalSection
	GlobalSection(ExtensibilityGlobals) = postSolution
		SolutionGuid = {687A1430-C7A7-4FB4-B04B-65010F77D03D}
	EndGlobalSection
EndGlobal
